
Microsoft Visual Studio Solution File, Format Version 12.00
# Visual Studio 15
VisualStudioVersion = 15.0.27428.1
MinimumVisualStudioVersion = 10.0.40219.1
Project("{FAE04EC0-301F-11D3-BF4B-00C04F79EFBC}") = "Assignment1", "Assignment1\Assignment1.csproj", "{74AF2C5E-9FCE-4565-9AA8-1382AF27475D}"
EndProject
Global
	GlobalSection(SolutionConfigurationPlatforms) = preSolution
		Debug|Any CPU = Debug|Any CPU
		Release|Any CPU = Release|Any CPU
	EndGlobalSection
	GlobalSection(ProjectConfigurationPlatforms) = postSolution
		{74AF2C5E-9FCE-4565-9AA8-1382AF27475D}.Debug|Any CPU.ActiveCfg = Debug|Any CPU
		{74AF2C5E-9FCE-4565-9AA8-1382AF27475D}.Debug|Any CPU.Build.0 = Debug|Any CPU
		{74AF2C5E-9FCE-4565-9AA8-1382AF27475D}.Release|Any CPU.ActiveCfg = Release|Any CPU
		{74AF2C5E-9FCE-4565-9AA8-1382AF27475D}.Release|Any CPU.Build.0 = Release|Any CPU
	EndGlobalSection
	GlobalSection(SolutionProperties) = preSolution
		HideSolutionNode = FALSE
	EndGlobalSection
	GlobalSection(ExtensibilityGlobals) = postSolution
		SolutionGuid = {B8201C75-F95B-4F33-9A9B-DD1DAB0FFA49}
	EndGlobalSection
EndGlobal
